// !$*UTF8*$!
{
	archiveVersion = 1;
	classes = {
	};
	objectVersion = 46;
	objects = {

/* Begin PBXBuildFile section */
		50B6B2B4162B88EA001B2987 /* UIKit.framework in Frameworks */ = {isa = PBXBuildFile; fileRef = 50B6B2B3162B88EA001B2987 /* UIKit.framework */; };
		50B6B2B6162B88EA001B2987 /* Foundation.framework in Frameworks */ = {isa = PBXBuildFile; fileRef = 50B6B2B5162B88EA001B2987 /* Foundation.framework */; };
		50B6B2B8162B88EA001B2987 /* CoreGraphics.framework in Frameworks */ = {isa = PBXBuildFile; fileRef = 50B6B2B7162B88EA001B2987 /* CoreGraphics.framework */; };
		50B6B2BE162B88EA001B2987 /* InfoPlist.strings in Resources */ = {isa = PBXBuildFile; fileRef = 50B6B2BC162B88EA001B2987 /* InfoPlist.strings */; };
		50B6B2C0162B88EA001B2987 /* main.m in Sources */ = {isa = PBXBuildFile; fileRef = 50B6B2BF162B88EA001B2987 /* main.m */; };
		50B6B2C4162B88EA001B2987 /* AppDelegate.m in Sources */ = {isa = PBXBuildFile; fileRef = 50B6B2C3162B88EA001B2987 /* AppDelegate.m */; };
		50B6B2C6162B88EA001B2987 /* Default.png in Resources */ = {isa = PBXBuildFile; fileRef = 50B6B2C5162B88EA001B2987 /* Default.png */; };
		50B6B2C8162B88EA001B2987 /* Default@2x.png in Resources */ = {isa = PBXBuildFile; fileRef = 50B6B2C7162B88EA001B2987 /* Default@2x.png */; };
		50B6B2CA162B88EA001B2987 /* Default-568h@2x.png in Resources */ = {isa = PBXBuildFile; fileRef = 50B6B2C9162B88EA001B2987 /* Default-568h@2x.png */; };
		50B6B2CD162B88EA001B2987 /* MainStoryboard.storyboard in Resources */ = {isa = PBXBuildFile; fileRef = 50B6B2CB162B88EA001B2987 /* MainStoryboard.storyboard */; };
		50B6B2D0162B88EA001B2987 /* FirstViewController.m in Sources */ = {isa = PBXBuildFile; fileRef = 50B6B2CF162B88EA001B2987 /* FirstViewController.m */; };
		50B6B2D2162B88EA001B2987 /* first.png in Resources */ = {isa = PBXBuildFile; fileRef = 50B6B2D1162B88EA001B2987 /* first.png */; };
		50B6B2D4162B88EA001B2987 /* first@2x.png in Resources */ = {isa = PBXBuildFile; fileRef = 50B6B2D3162B88EA001B2987 /* first@2x.png */; };
		50B6B2D7162B88EA001B2987 /* SecondViewController.m in Sources */ = {isa = PBXBuildFile; fileRef = 50B6B2D6162B88EA001B2987 /* SecondViewController.m */; };
		50B6B2D9162B88EA001B2987 /* second.png in Resources */ = {isa = PBXBuildFile; fileRef = 50B6B2D8162B88EA001B2987 /* second.png */; };
		50B6B2DB162B88EA001B2987 /* second@2x.png in Resources */ = {isa = PBXBuildFile; fileRef = 50B6B2DA162B88EA001B2987 /* second@2x.png */; };
/* End PBXBuildFile section */

/* Begin PBXFileReference section */
		50B6B2AF162B88EA001B2987 /* Active.app */ = {isa = PBXFileReference; explicitFileType = wrapper.application; includeInIndex = 0; path = Active.app; sourceTree = BUILT_PRODUCTS_DIR; };
		50B6B2B3162B88EA001B2987 /* UIKit.framework */ = {isa = PBXFileReference; lastKnownFileType = wrapper.framework; name = UIKit.framework; path = System/Library/Frameworks/UIKit.framework; sourceTree = SDKROOT; };
		50B6B2B5162B88EA001B2987 /* Foundation.framework */ = {isa = PBXFileReference; lastKnownFileType = wrapper.framework; name = Foundation.framework; path = System/Library/Frameworks/Foundation.framework; sourceTree = SDKROOT; };
		50B6B2B7162B88EA001B2987 /* CoreGraphics.framework */ = {isa = PBXFileReference; lastKnownFileType = wrapper.framework; name = CoreGraphics.framework; path = System/Library/Frameworks/CoreGraphics.framework; sourceTree = SDKROOT; };
		50B6B2BB162B88EA001B2987 /* Active-Info.plist */ = {isa = PBXFileReference; lastKnownFileType = text.plist.xml; path = "Active-Info.plist"; sourceTree = "<group>"; };
		50B6B2BD162B88EA001B2987 /* en */ = {isa = PBXFileReference; lastKnownFileType = text.plist.strings; name = en; path = en.lproj/InfoPlist.strings; sourceTree = "<group>"; };
		50B6B2BF162B88EA001B2987 /* main.m */ = {isa = PBXFileReference; lastKnownFileType = sourcecode.c.objc; path = main.m; sourceTree = "<group>"; };
		50B6B2C1162B88EA001B2987 /* Active-Prefix.pch */ = {isa = PBXFileReference; lastKnownFileType = sourcecode.c.h; path = "Active-Prefix.pch"; sourceTree = "<group>"; };
		50B6B2C2162B88EA001B2987 /* AppDelegate.h */ = {isa = PBXFileReference; lastKnownFileType = sourcecode.c.h; path = AppDelegate.h; sourceTree = "<group>"; };
		50B6B2C3162B88EA001B2987 /* AppDelegate.m */ = {isa = PBXFileReference; lastKnownFileType = sourcecode.c.objc; path = AppDelegate.m; sourceTree = "<group>"; };
		50B6B2C5162B88EA001B2987 /* Default.png */ = {isa = PBXFileReference; lastKnownFileType = image.png; path = Default.png; sourceTree = "<group>"; };
		50B6B2C7162B88EA001B2987 /* Default@2x.png */ = {isa = PBXFileReference; lastKnownFileType = image.png; path = "Default@2x.png"; sourceTree = "<group>"; };
		50B6B2C9162B88EA001B2987 /* Default-568h@2x.png */ = {isa = PBXFileReference; lastKnownFileType = image.png; path = "Default-568h@2x.png"; sourceTree = "<group>"; };
		50B6B2CC162B88EA001B2987 /* en */ = {isa = PBXFileReference; lastKnownFileType = file.storyboard; name = en; path = en.lproj/MainStoryboard.storyboard; sourceTree = "<group>"; };
		50B6B2CE162B88EA001B2987 /* FirstViewController.h */ = {isa = PBXFileReference; lastKnownFileType = sourcecode.c.h; path = FirstViewController.h; sourceTree = "<group>"; };
		50B6B2CF162B88EA001B2987 /* FirstViewController.m */ = {isa = PBXFileReference; lastKnownFileType = sourcecode.c.objc; path = FirstViewController.m; sourceTree = "<group>"; };
		50B6B2D1162B88EA001B2987 /* first.png */ = {isa = PBXFileReference; lastKnownFileType = image.png; path = first.png; sourceTree = "<group>"; };
		50B6B2D3162B88EA001B2987 /* first@2x.png */ = {isa = PBXFileReference; lastKnownFileType = image.png; path = "first@2x.png"; sourceTree = "<group>"; };
		50B6B2D5162B88EA001B2987 /* SecondViewController.h */ = {isa = PBXFileReference; lastKnownFileType = sourcecode.c.h; path = SecondViewController.h; sourceTree = "<group>"; };
		50B6B2D6162B88EA001B2987 /* SecondViewController.m */ = {isa = PBXFileReference; lastKnownFileType = sourcecode.c.objc; path = SecondViewController.m; sourceTree = "<group>"; };
		50B6B2D8162B88EA001B2987 /* second.png */ = {isa = PBXFileReference; lastKnownFileType = image.png; path = second.png; sourceTree = "<group>"; };
		50B6B2DA162B88EA001B2987 /* second@2x.png */ = {isa = PBXFileReference; lastKnownFileType = image.png; path = "second@2x.png"; sourceTree = "<group>"; };
/* End PBXFileReference section */

/* Begin PBXFrameworksBuildPhase section */
		50B6B2AC162B88EA001B2987 /* Frameworks */ = {
			isa = PBXFrameworksBuildPhase;
			buildActionMask = 2147483647;
			files = (
				50B6B2B4162B88EA001B2987 /* UIKit.framework in Frameworks */,
				50B6B2B6162B88EA001B2987 /* Foundation.framework in Frameworks */,
				50B6B2B8162B88EA001B2987 /* CoreGraphics.framework in Frameworks */,
			);
			runOnlyForDeploymentPostprocessing = 0;
		};
/* End PBXFrameworksBuildPhase section */

/* Begin PBXGroup section */
		50B6B2A4162B88E9001B2987 = {
			isa = PBXGroup;
			children = (
				50B6B2B9162B88EA001B2987 /* Active */,
				50B6B2B2162B88EA001B2987 /* Frameworks */,
				50B6B2B0162B88EA001B2987 /* Products */,
			);
			sourceTree = "<group>";
		};
		50B6B2B0162B88EA001B2987 /* Products */ = {
			isa = PBXGroup;
			children = (
				50B6B2AF162B88EA001B2987 /* Active.app */,
			);
			name = Products;
			sourceTree = "<group>";
		};
		50B6B2B2162B88EA001B2987 /* Frameworks */ = {
			isa = PBXGroup;
			children = (
				50B6B2B3162B88EA001B2987 /* UIKit.framework */,
				50B6B2B5162B88EA001B2987 /* Foundation.framework */,
				50B6B2B7162B88EA001B2987 /* CoreGraphics.framework */,
			);
			name = Frameworks;
			sourceTree = "<group>";
		};
		50B6B2B9162B88EA001B2987 /* Active */ = {
			isa = PBXGroup;
			children = (
				50B6B2C2162B88EA001B2987 /* AppDelegate.h */,
				50B6B2C3162B88EA001B2987 /* AppDelegate.m */,
				50B6B2CB162B88EA001B2987 /* MainStoryboard.storyboard */,
				50B6B2CE162B88EA001B2987 /* FirstViewController.h */,
				50B6B2CF162B88EA001B2987 /* FirstViewController.m */,
				50B6B2D1162B88EA001B2987 /* first.png */,
				50B6B2D3162B88EA001B2987 /* first@2x.png */,
				50B6B2D5162B88EA001B2987 /* SecondViewController.h */,
				50B6B2D6162B88EA001B2987 /* SecondViewController.m */,
				50B6B2D8162B88EA001B2987 /* second.png */,
				50B6B2DA162B88EA001B2987 /* second@2x.png */,
				50B6B2BA162B88EA001B2987 /* Supporting Files */,
			);
			path = Active;
			sourceTree = "<group>";
		};
		50B6B2BA162B88EA001B2987 /* Supporting Files */ = {
			isa = PBXGroup;
			children = (
				50B6B2BB162B88EA001B2987 /* Active-Info.plist */,
				50B6B2BC162B88EA001B2987 /* InfoPlist.strings */,
				50B6B2BF162B88EA001B2987 /* main.m */,
				50B6B2C1162B88EA001B2987 /* Active-Prefix.pch */,
				50B6B2C5162B88EA001B2987 /* Default.png */,
				50B6B2C7162B88EA001B2987 /* Default@2x.png */,
				50B6B2C9162B88EA001B2987 /* Default-568h@2x.png */,
			);
			name = "Supporting Files";
			sourceTree = "<group>";
		};
/* End PBXGroup section */

/* Begin PBXNativeTarget section */
		50B6B2AE162B88EA001B2987 /* Active */ = {
			isa = PBXNativeTarget;
			buildConfigurationList = 50B6B2DE162B88EB001B2987 /* Build configuration list for PBXNativeTarget "Active" */;
			buildPhases = (
				50B6B2AB162B88EA001B2987 /* Sources */,
				50B6B2AC162B88EA001B2987 /* Frameworks */,
				50B6B2AD162B88EA001B2987 /* Resources */,
			);
			buildRules = (
			);
			dependencies = (
			);
			name = Active;
			productName = Active;
			productReference = 50B6B2AF162B88EA001B2987 /* Active.app */;
			productType = "com.apple.product-type.application";
		};
/* End PBXNativeTarget section */

/* Begin PBXProject section */
		50B6B2A6162B88E9001B2987 /* Project object */ = {
			isa = PBXProject;
			attributes = {
				LastUpgradeCheck = 0450;
				ORGANIZATIONNAME = Ace;
			};
			buildConfigurationList = 50B6B2A9162B88E9001B2987 /* Build configuration list for PBXProject "Active" */;
			compatibilityVersion = "Xcode 3.2";
			developmentRegion = English;
			hasScannedForEncodings = 0;
			knownRegions = (
				en,
			);
			mainGroup = 50B6B2A4162B88E9001B2987;
			productRefGroup = 50B6B2B0162B88EA001B2987 /* Products */;
			projectDirPath = "";
			projectRoot = "";
			targets = (
				50B6B2AE162B88EA001B2987 /* Active */,
			);
		};
/* End PBXProject section */

/* Begin PBXResourcesBuildPhase section */
		50B6B2AD162B88EA001B2987 /* Resources */ = {
			isa = PBXResourcesBuildPhase;
			buildActionMask = 2147483647;
			files = (
				50B6B2BE162B88EA001B2987 /* InfoPlist.strings in Resources */,
				50B6B2C6162B88EA001B2987 /* Default.png in Resources */,
				50B6B2C8162B88EA001B2987 /* Default@2x.png in Resources */,
				50B6B2CA162B88EA001B2987 /* Default-568h@2x.png in Resources */,
				50B6B2CD162B88EA001B2987 /* MainStoryboard.storyboard in Resources */,
				50B6B2D2162B88EA001B2987 /* first.png in Resources */,
				50B6B2D4162B88EA001B2987 /* first@2x.png in Resources */,
				50B6B2D9162B88EA001B2987 /* second.png in Resources */,
				50B6B2DB162B88EA001B2987 /* second@2x.png in Resources */,
			);
			runOnlyForDeploymentPostprocessing = 0;
		};
/* End PBXResourcesBuildPhase section */

/* Begin PBXSourcesBuildPhase section */
		50B6B2AB162B88EA001B2987 /* Sources */ = {
			isa = PBXSourcesBuildPhase;
			buildActionMask = 2147483647;
			files = (
				50B6B2C0162B88EA001B2987 /* main.m in Sources */,
				50B6B2C4162B88EA001B2987 /* AppDelegate.m in Sources */,
				50B6B2D0162B88EA001B2987 /* FirstViewController.m in Sources */,
				50B6B2D7162B88EA001B2987 /* SecondViewController.m in Sources */,
			);
			runOnlyForDeploymentPostprocessing = 0;
		};
/* End PBXSourcesBuildPhase section */

/* Begin PBXVariantGroup section */
		50B6B2BC162B88EA001B2987 /* InfoPlist.strings */ = {
			isa = PBXVariantGroup;
			children = (
				50B6B2BD162B88EA001B2987 /* en */,
			);
			name = InfoPlist.strings;
			sourceTree = "<group>";
		};
		50B6B2CB162B88EA001B2987 /* MainStoryboard.storyboard */ = {
			isa = PBXVariantGroup;
			children = (
				50B6B2CC162B88EA001B2987 /* en */,
			);
			name = MainStoryboard.storyboard;
			sourceTree = "<group>";
		};
/* End PBXVariantGroup section */

/* Begin XCBuildConfiguration section */
		50B6B2DC162B88EB001B2987 /* Debug */ = {
			isa = XCBuildConfiguration;
			buildSettings = {
				ALWAYS_SEARCH_USER_PATHS = NO;
				CLANG_CXX_LANGUAGE_STANDARD = "gnu++0x";
				CLANG_CXX_LIBRARY = "libc++";
				CLANG_ENABLE_OBJC_ARC = YES;
				CLANG_WARN_EMPTY_BODY = YES;
				CLANG_WARN__DUPLICATE_METHOD_MATCH = YES;
				"CODE_SIGN_IDENTITY[sdk=iphoneos*]" = "iPhone Developer";
				COPY_PHASE_STRIP = NO;
				GCC_C_LANGUAGE_STANDARD = gnu99;
				GCC_DYNAMIC_NO_PIC = NO;
				GCC_OPTIMIZATION_LEVEL = 0;
				GCC_PREPROCESSOR_DEFINITIONS = (
					"DEBUG=1",
					"$(inherited)",
				);
				GCC_SYMBOLS_PRIVATE_EXTERN = NO;
				GCC_WARN_ABOUT_RETURN_TYPE = YES;
				GCC_WARN_UNINITIALIZED_AUTOS = YES;
				GCC_WARN_UNUSED_VARIABLE = YES;
				IPHONEOS_DEPLOYMENT_TARGET = 6.0;
				SDKROOT = iphoneos;
			};
			name = Debug;
		};
		50B6B2DD162B88EB001B2987 /* Release */ = {
			isa = XCBuildConfiguration;
			buildSettings = {
				ALWAYS_SEARCH_USER_PATHS = NO;
				CLANG_CXX_LANGUAGE_STANDARD = "gnu++0x";
				CLANG_CXX_LIBRARY = "libc++";
				CLANG_ENABLE_OBJC_ARC = YES;
				CLANG_WARN_EMPTY_BODY = YES;
				CLANG_WARN__DUPLICATE_METHOD_MATCH = YES;
				"CODE_SIGN_IDENTITY[sdk=iphoneos*]" = "iPhone Developer";
				COPY_PHASE_STRIP = YES;
				GCC_C_LANGUAGE_STANDARD = gnu99;
				GCC_WARN_ABOUT_RETURN_TYPE = YES;
				GCC_WARN_UNINITIALIZED_AUTOS = YES;
				GCC_WARN_UNUSED_VARIABLE = YES;
				IPHONEOS_DEPLOYMENT_TARGET = 6.0;
				OTHER_CFLAGS = "-DNS_BLOCK_ASSERTIONS=1";
				SDKROOT = iphoneos;
				VALIDATE_PRODUCT = YES;
			};
			name = Release;
		};
		50B6B2DF162B88EB001B2987 /* Debug */ = {
			isa = XCBuildConfiguration;
			buildSettings = {
				GCC_PRECOMPILE_PREFIX_HEADER = YES;
				GCC_PREFIX_HEADER = "Active/Active-Prefix.pch";
				INFOPLIST_FILE = "Active/Active-Info.plist";
				PRODUCT_NAME = "$(TARGET_NAME)";
				WRAPPER_EXTENSION = app;
			};
			name = Debug;
		};
		50B6B2E0162B88EB001B2987 /* Release */ = {
			isa = XCBuildConfiguration;
			buildSettings = {
				GCC_PRECOMPILE_PREFIX_HEADER = YES;
				GCC_PREFIX_HEADER = "Active/Active-Prefix.pch";
				INFOPLIST_FILE = "Active/Active-Info.plist";
				PRODUCT_NAME = "$(TARGET_NAME)";
				WRAPPER_EXTENSION = app;
			};
			name = Release;
		};
/* End XCBuildConfiguration section */

/* Begin XCConfigurationList section */
		50B6B2A9162B88E9001B2987 /* Build configuration list for PBXProject "Active" */ = {
			isa = XCConfigurationList;
			buildConfigurations = (
				50B6B2DC162B88EB001B2987 /* Debug */,
				50B6B2DD162B88EB001B2987 /* Release */,
			);
			defaultConfigurationIsVisible = 0;
			defaultConfigurationName = Release;
		};
		50B6B2DE162B88EB001B2987 /* Build configuration list for PBXNativeTarget "Active" */ = {
			isa = XCConfigurationList;
			buildConfigurations = (
				50B6B2DF162B88EB001B2987 /* Debug */,
				50B6B2E0162B88EB001B2987 /* Release */,
			);
			defaultConfigurationIsVisible = 0;
		};
/* End XCConfigurationList section */
	};
	rootObject = 50B6B2A6162B88E9001B2987 /* Project object */;
}
